schema: '2.0'
stages:
  entrenar:
    cmd: python train.py --data ../data/base-anuario-de-siniestralidad.xlsx 
      --output-dir ../website/api
    deps:
    - path: ../data/base-anuario-de-siniestralidad.xlsx
      hash: md5
      md5: 49f6a86d2e483bdf66b9bc72aafdd267
      size: 38200589
    - path: train.py
      hash: md5
      md5: a7fe212f7680981e8ee6be27754d703a
      size: 12408
